// !$*UTF8*$!
{
	archiveVersion = 1;
	classes = {
	};
	objectVersion = 50;
	objects = {

/* Begin PBXBuildFile section */
		DDF0CC6124DB01990097D4B4 /* AppDelegate.swift in Sources */ = {isa = PBXBuildFile; fileRef = DDF0CC6024DB01990097D4B4 /* AppDelegate.swift */; };
		DDF0CC6324DB01990097D4B4 /* SceneDelegate.swift in Sources */ = {isa = PBXBuildFile; fileRef = DDF0CC6224DB01990097D4B4 /* SceneDelegate.swift */; };
		DDF0CC6524DB01990097D4B4 /* ViewController.swift in Sources */ = {isa = PBXBuildFile; fileRef = DDF0CC6424DB01990097D4B4 /* ViewController.swift */; };
		DDF0CC6824DB01990097D4B4 /* Main.storyboard in Resources */ = {isa = PBXBuildFile; fileRef = DDF0CC6624DB01990097D4B4 /* Main.storyboard */; };
		DDF0CC6A24DB019A0097D4B4 /* Assets.xcassets in Resources */ = {isa = PBXBuildFile; fileRef = DDF0CC6924DB019A0097D4B4 /* Assets.xcassets */; };
		DDF0CC6D24DB019A0097D4B4 /* LaunchScreen.storyboard in Resources */ = {isa = PBXBuildFile; fileRef = DDF0CC6B24DB019A0097D4B4 /* LaunchScreen.storyboard */; };
		DDF0CC7824DB019B0097D4B4 /* Brenda_L_PizzaExerciseTests.swift in Sources */ = {isa = PBXBuildFile; fileRef = DDF0CC7724DB019B0097D4B4 /* Brenda_L_PizzaExerciseTests.swift */; };
		DDF0CC8324DB019B0097D4B4 /* Brenda_L_PizzaExerciseUITests.swift in Sources */ = {isa = PBXBuildFile; fileRef = DDF0CC8224DB019B0097D4B4 /* Brenda_L_PizzaExerciseUITests.swift */; };
		DDF0CC9124DB05540097D4B4 /* image.jpeg in Resources */ = {isa = PBXBuildFile; fileRef = DDF0CC9024DB05540097D4B4 /* image.jpeg */; };
		DDF0CC9324DB0C100097D4B4 /* sausage-pizza-topping-fontanini-760.jpg in Resources */ = {isa = PBXBuildFile; fileRef = DDF0CC9224DB0C100097D4B4 /* sausage-pizza-topping-fontanini-760.jpg */; };
		DDF0CC9524DB10750097D4B4 /* 1550603328845.jpeg in Resources */ = {isa = PBXBuildFile; fileRef = DDF0CC9424DB10750097D4B4 /* 1550603328845.jpeg */; };
		DDF0CC9724DB171C0097D4B4 /* 1480972864378.jpeg in Resources */ = {isa = PBXBuildFile; fileRef = DDF0CC9624DB171C0097D4B4 /* 1480972864378.jpeg */; };
/* End PBXBuildFile section */

/* Begin PBXContainerItemProxy section */
		DDF0CC7424DB019B0097D4B4 /* PBXContainerItemProxy */ = {
			isa = PBXContainerItemProxy;
			containerPortal = DDF0CC5524DB01980097D4B4 /* Project object */;
			proxyType = 1;
			remoteGlobalIDString = DDF0CC5C24DB01980097D4B4;
			remoteInfo = Brenda_L_PizzaExercise;
		};
		DDF0CC7F24DB019B0097D4B4 /* PBXContainerItemProxy */ = {
			isa = PBXContainerItemProxy;
			containerPortal = DDF0CC5524DB01980097D4B4 /* Project object */;
			proxyType = 1;
			remoteGlobalIDString = DDF0CC5C24DB01980097D4B4;
			remoteInfo = Brenda_L_PizzaExercise;
		};
/* End PBXContainerItemProxy section */

/* Begin PBXFileReference section */
		DDF0CC5D24DB01980097D4B4 /* Brenda_L_PizzaExercise.app */ = {isa = PBXFileReference; explicitFileType = wrapper.application; includeInIndex = 0; path = Brenda_L_PizzaExercise.app; sourceTree = BUILT_PRODUCTS_DIR; };
		DDF0CC6024DB01990097D4B4 /* AppDelegate.swift */ = {isa = PBXFileReference; lastKnownFileType = sourcecode.swift; path = AppDelegate.swift; sourceTree = "<group>"; };
		DDF0CC6224DB01990097D4B4 /* SceneDelegate.swift */ = {isa = PBXFileReference; lastKnownFileType = sourcecode.swift; path = SceneDelegate.swift; sourceTree = "<group>"; };
		DDF0CC6424DB01990097D4B4 /* ViewController.swift */ = {isa = PBXFileReference; lastKnownFileType = sourcecode.swift; path = ViewController.swift; sourceTree = "<group>"; };
		DDF0CC6724DB01990097D4B4 /* Base */ = {isa = PBXFileReference; lastKnownFileType = file.storyboard; name = Base; path = Base.lproj/Main.storyboard; sourceTree = "<group>"; };
		DDF0CC6924DB019A0097D4B4 /* Assets.xcassets */ = {isa = PBXFileReference; lastKnownFileType = folder.assetcatalog; path = Assets.xcassets; sourceTree = "<group>"; };
		DDF0CC6C24DB019A0097D4B4 /* Base */ = {isa = PBXFileReference; lastKnownFileType = file.storyboard; name = Base; path = Base.lproj/LaunchScreen.storyboard; sourceTree = "<group>"; };
		DDF0CC6E24DB019A0097D4B4 /* Info.plist */ = {isa = PBXFileReference; lastKnownFileType = text.plist.xml; path = Info.plist; sourceTree = "<group>"; };
		DDF0CC7324DB019B0097D4B4 /* Brenda_L_PizzaExerciseTests.xctest */ = {isa = PBXFileReference; explicitFileType = wrapper.cfbundle; includeInIndex = 0; path = Brenda_L_PizzaExerciseTests.xctest; sourceTree = BUILT_PRODUCTS_DIR; };
		DDF0CC7724DB019B0097D4B4 /* Brenda_L_PizzaExerciseTests.swift */ = {isa = PBXFileReference; lastKnownFileType = sourcecode.swift; path = Brenda_L_PizzaExerciseTests.swift; sourceTree = "<group>"; };
		DDF0CC7924DB019B0097D4B4 /* Info.plist */ = {isa = PBXFileReference; lastKnownFileType = text.plist.xml; path = Info.plist; sourceTree = "<group>"; };
		DDF0CC7E24DB019B0097D4B4 /* Brenda_L_PizzaExerciseUITests.xctest */ = {isa = PBXFileReference; explicitFileType = wrapper.cfbundle; includeInIndex = 0; path = Brenda_L_PizzaExerciseUITests.xctest; sourceTree = BUILT_PRODUCTS_DIR; };
		DDF0CC8224DB019B0097D4B4 /* Brenda_L_PizzaExerciseUITests.swift */ = {isa = PBXFileReference; lastKnownFileType = sourcecode.swift; path = Brenda_L_PizzaExerciseUITests.swift; sourceTree = "<group>"; };
		DDF0CC8424DB019B0097D4B4 /* Info.plist */ = {isa = PBXFileReference; lastKnownFileType = text.plist.xml; path = Info.plist; sourceTree = "<group>"; };
		DDF0CC9024DB05540097D4B4 /* image.jpeg */ = {isa = PBXFileReference; lastKnownFileType = image.jpeg; name = image.jpeg; path = ../../../Downloads/image.jpeg; sourceTree = "<group>"; };
		DDF0CC9224DB0C100097D4B4 /* sausage-pizza-topping-fontanini-760.jpg */ = {isa = PBXFileReference; lastKnownFileType = image.jpeg; name = "sausage-pizza-topping-fontanini-760.jpg"; path = "../../../Downloads/sausage-pizza-topping-fontanini-760.jpg"; sourceTree = "<group>"; };
		DDF0CC9424DB10750097D4B4 /* 1550603328845.jpeg */ = {isa = PBXFileReference; lastKnownFileType = image.jpeg; name = 1550603328845.jpeg; path = ../../../Downloads/1550603328845.jpeg; sourceTree = "<group>"; };
		DDF0CC9624DB171C0097D4B4 /* 1480972864378.jpeg */ = {isa = PBXFileReference; lastKnownFileType = image.jpeg; name = 1480972864378.jpeg; path = ../../../Downloads/1480972864378.jpeg; sourceTree = "<group>"; };
/* End PBXFileReference section */

/* Begin PBXFrameworksBuildPhase section */
		DDF0CC5A24DB01980097D4B4 /* Frameworks */ = {
			isa = PBXFrameworksBuildPhase;
			buildActionMask = 2147483647;
			files = (
			);
			runOnlyForDeploymentPostprocessing = 0;
		};
		DDF0CC7024DB019B0097D4B4 /* Frameworks */ = {
			isa = PBXFrameworksBuildPhase;
			buildActionMask = 2147483647;
			files = (
			);
			runOnlyForDeploymentPostprocessing = 0;
		};
		DDF0CC7B24DB019B0097D4B4 /* Frameworks */ = {
			isa = PBXFrameworksBuildPhase;
			buildActionMask = 2147483647;
			files = (
			);
			runOnlyForDeploymentPostprocessing = 0;
		};
/* End PBXFrameworksBuildPhase section */

/* Begin PBXGroup section */
		DDF0CC5424DB01980097D4B4 = {
			isa = PBXGroup;
			children = (
				DDF0CC5F24DB01980097D4B4 /* Brenda_L_PizzaExercise */,
				DDF0CC7624DB019B0097D4B4 /* Brenda_L_PizzaExerciseTests */,
				DDF0CC8124DB019B0097D4B4 /* Brenda_L_PizzaExerciseUITests */,
				DDF0CC5E24DB01980097D4B4 /* Products */,
			);
			sourceTree = "<group>";
		};
		DDF0CC5E24DB01980097D4B4 /* Products */ = {
			isa = PBXGroup;
			children = (
				DDF0CC5D24DB01980097D4B4 /* Brenda_L_PizzaExercise.app */,
				DDF0CC7324DB019B0097D4B4 /* Brenda_L_PizzaExerciseTests.xctest */,
				DDF0CC7E24DB019B0097D4B4 /* Brenda_L_PizzaExerciseUITests.xctest */,
			);
			name = Products;
			sourceTree = "<group>";
		};
		DDF0CC5F24DB01980097D4B4 /* Brenda_L_PizzaExercise */ = {
			isa = PBXGroup;
			children = (
				DDF0CC6024DB01990097D4B4 /* AppDelegate.swift */,
				DDF0CC6224DB01990097D4B4 /* SceneDelegate.swift */,
				DDF0CC6424DB01990097D4B4 /* ViewController.swift */,
				DDF0CC6624DB01990097D4B4 /* Main.storyboard */,
				DDF0CC9624DB171C0097D4B4 /* 1480972864378.jpeg */,
				DDF0CC9424DB10750097D4B4 /* 1550603328845.jpeg */,
				DDF0CC9224DB0C100097D4B4 /* sausage-pizza-topping-fontanini-760.jpg */,
				DDF0CC9024DB05540097D4B4 /* image.jpeg */,
				DDF0CC6924DB019A0097D4B4 /* Assets.xcassets */,
				DDF0CC6B24DB019A0097D4B4 /* LaunchScreen.storyboard */,
				DDF0CC6E24DB019A0097D4B4 /* Info.plist */,
			);
			path = Brenda_L_PizzaExercise;
			sourceTree = "<group>";
		};
		DDF0CC7624DB019B0097D4B4 /* Brenda_L_PizzaExerciseTests */ = {
			isa = PBXGroup;
			children = (
				DDF0CC7724DB019B0097D4B4 /* Brenda_L_PizzaExerciseTests.swift */,
				DDF0CC7924DB019B0097D4B4 /* Info.plist */,
			);
			path = Brenda_L_PizzaExerciseTests;
			sourceTree = "<group>";
		};
		DDF0CC8124DB019B0097D4B4 /* Brenda_L_PizzaExerciseUITests */ = {
			isa = PBXGroup;
			children = (
				DDF0CC8224DB019B0097D4B4 /* Brenda_L_PizzaExerciseUITests.swift */,
				DDF0CC8424DB019B0097D4B4 /* Info.plist */,
			);
			path = Brenda_L_PizzaExerciseUITests;
			sourceTree = "<group>";
		};
/* End PBXGroup section */

/* Begin PBXNativeTarget section */
		DDF0CC5C24DB01980097D4B4 /* Brenda_L_PizzaExercise */ = {
			isa = PBXNativeTarget;
			buildConfigurationList = DDF0CC8724DB019B0097D4B4 /* Build configuration list for PBXNativeTarget "Brenda_L_PizzaExercise" */;
			buildPhases = (
				DDF0CC5924DB01980097D4B4 /* Sources */,
				DDF0CC5A24DB01980097D4B4 /* Frameworks */,
				DDF0CC5B24DB01980097D4B4 /* Resources */,
			);
			buildRules = (
			);
			dependencies = (
			);
			name = Brenda_L_PizzaExercise;
			productName = Brenda_L_PizzaExercise;
			productReference = DDF0CC5D24DB01980097D4B4 /* Brenda_L_PizzaExercise.app */;
			productType = "com.apple.product-type.application";
		};
		DDF0CC7224DB019B0097D4B4 /* Brenda_L_PizzaExerciseTests */ = {
			isa = PBXNativeTarget;
			buildConfigurationList = DDF0CC8A24DB019B0097D4B4 /* Build configuration list for PBXNativeTarget "Brenda_L_PizzaExerciseTests" */;
			buildPhases = (
				DDF0CC6F24DB019B0097D4B4 /* Sources */,
				DDF0CC7024DB019B0097D4B4 /* Frameworks */,
				DDF0CC7124DB019B0097D4B4 /* Resources */,
			);
			buildRules = (
			);
			dependencies = (
				DDF0CC7524DB019B0097D4B4 /* PBXTargetDependency */,
			);
			name = Brenda_L_PizzaExerciseTests;
			productName = Brenda_L_PizzaExerciseTests;
			productReference = DDF0CC7324DB019B0097D4B4 /* Brenda_L_PizzaExerciseTests.xctest */;
			productType = "com.apple.product-type.bundle.unit-test";
		};
		DDF0CC7D24DB019B0097D4B4 /* Brenda_L_PizzaExerciseUITests */ = {
			isa = PBXNativeTarget;
			buildConfigurationList = DDF0CC8D24DB019B0097D4B4 /* Build configuration list for PBXNativeTarget "Brenda_L_PizzaExerciseUITests" */;
			buildPhases = (
				DDF0CC7A24DB019B0097D4B4 /* Sources */,
				DDF0CC7B24DB019B0097D4B4 /* Frameworks */,
				DDF0CC7C24DB019B0097D4B4 /* Resources */,
			);
			buildRules = (
			);
			dependencies = (
				DDF0CC8024DB019B0097D4B4 /* PBXTargetDependency */,
			);
			name = Brenda_L_PizzaExerciseUITests;
			productName = Brenda_L_PizzaExerciseUITests;
			productReference = DDF0CC7E24DB019B0097D4B4 /* Brenda_L_PizzaExerciseUITests.xctest */;
			productType = "com.apple.product-type.bundle.ui-testing";
		};
/* End PBXNativeTarget section */

/* Begin PBXProject section */
		DDF0CC5524DB01980097D4B4 /* Project object */ = {
			isa = PBXProject;
			attributes = {
				LastSwiftUpdateCheck = 1130;
				LastUpgradeCheck = 1130;
				ORGANIZATIONNAME = "Brenda Leyva";
				TargetAttributes = {
					DDF0CC5C24DB01980097D4B4 = {
						CreatedOnToolsVersion = 11.3.1;
					};
					DDF0CC7224DB019B0097D4B4 = {
						CreatedOnToolsVersion = 11.3.1;
						TestTargetID = DDF0CC5C24DB01980097D4B4;
					};
					DDF0CC7D24DB019B0097D4B4 = {
						CreatedOnToolsVersion = 11.3.1;
						TestTargetID = DDF0CC5C24DB01980097D4B4;
					};
				};
			};
			buildConfigurationList = DDF0CC5824DB01980097D4B4 /* Build configuration list for PBXProject "Brenda_L_PizzaExercise" */;
			compatibilityVersion = "Xcode 9.3";
			developmentRegion = en;
			hasScannedForEncodings = 0;
			knownRegions = (
				en,
				Base,
			);
			mainGroup = DDF0CC5424DB01980097D4B4;
			productRefGroup = DDF0CC5E24DB01980097D4B4 /* Products */;
			projectDirPath = "";
			projectRoot = "";
			targets = (
				DDF0CC5C24DB01980097D4B4 /* Brenda_L_PizzaExercise */,
				DDF0CC7224DB019B0097D4B4 /* Brenda_L_PizzaExerciseTests */,
				DDF0CC7D24DB019B0097D4B4 /* Brenda_L_PizzaExerciseUITests */,
			);
		};
/* End PBXProject section */

/* Begin PBXResourcesBuildPhase section */
		DDF0CC5B24DB01980097D4B4 /* Resources */ = {
			isa = PBXResourcesBuildPhase;
			buildActionMask = 2147483647;
			files = (
				DDF0CC6D24DB019A0097D4B4 /* LaunchScreen.storyboard in Resources */,
				DDF0CC9324DB0C100097D4B4 /* sausage-pizza-topping-fontanini-760.jpg in Resources */,
				DDF0CC9524DB10750097D4B4 /* 1550603328845.jpeg in Resources */,
				DDF0CC9124DB05540097D4B4 /* image.jpeg in Resources */,
				DDF0CC9724DB171C0097D4B4 /* 1480972864378.jpeg in Resources */,
				DDF0CC6A24DB019A0097D4B4 /* Assets.xcassets in Resources */,
				DDF0CC6824DB01990097D4B4 /* Main.storyboard in Resources */,
			);
			runOnlyForDeploymentPostprocessing = 0;
		};
		DDF0CC7124DB019B0097D4B4 /* Resources */ = {
			isa = PBXResourcesBuildPhase;
			buildActionMask = 2147483647;
			files = (
			);
			runOnlyForDeploymentPostprocessing = 0;
		};
		DDF0CC7C24DB019B0097D4B4 /* Resources */ = {
			isa = PBXResourcesBuildPhase;
			buildActionMask = 2147483647;
			files = (
			);
			runOnlyForDeploymentPostprocessing = 0;
		};
/* End PBXResourcesBuildPhase section */

/* Begin PBXSourcesBuildPhase section */
		DDF0CC5924DB01980097D4B4 /* Sources */ = {
			isa = PBXSourcesBuildPhase;
			buildActionMask = 2147483647;
			files = (
				DDF0CC6524DB01990097D4B4 /* ViewController.swift in Sources */,
				DDF0CC6124DB01990097D4B4 /* AppDelegate.swift in Sources */,
				DDF0CC6324DB01990097D4B4 /* SceneDelegate.swift in Sources */,
			);
			runOnlyForDeploymentPostprocessing = 0;
		};
		DDF0CC6F24DB019B0097D4B4 /* Sources */ = {
			isa = PBXSourcesBuildPhase;
			buildActionMask = 2147483647;
			files = (
				DDF0CC7824DB019B0097D4B4 /* Brenda_L_PizzaExerciseTests.swift in Sources */,
			);
			runOnlyForDeploymentPostprocessing = 0;
		};
		DDF0CC7A24DB019B0097D4B4 /* Sources */ = {
			isa = PBXSourcesBuildPhase;
			buildActionMask = 2147483647;
			files = (
				DDF0CC8324DB019B0097D4B4 /* Brenda_L_PizzaExerciseUITests.swift in Sources */,
			);
			runOnlyForDeploymentPostprocessing = 0;
		};
/* End PBXSourcesBuildPhase section */

/* Begin PBXTargetDependency section */
		DDF0CC7524DB019B0097D4B4 /* PBXTargetDependency */ = {
			isa = PBXTargetDependency;
			target = DDF0CC5C24DB01980097D4B4 /* Brenda_L_PizzaExercise */;
			targetProxy = DDF0CC7424DB019B0097D4B4 /* PBXContainerItemProxy */;
		};
		DDF0CC8024DB019B0097D4B4 /* PBXTargetDependency */ = {
			isa = PBXTargetDependency;
			target = DDF0CC5C24DB01980097D4B4 /* Brenda_L_PizzaExercise */;
			targetProxy = DDF0CC7F24DB019B0097D4B4 /* PBXContainerItemProxy */;
		};
/* End PBXTargetDependency section */

/* Begin PBXVariantGroup section */
		DDF0CC6624DB01990097D4B4 /* Main.storyboard */ = {
			isa = PBXVariantGroup;
			children = (
				DDF0CC6724DB01990097D4B4 /* Base */,
			);
			name = Main.storyboard;
			sourceTree = "<group>";
		};
		DDF0CC6B24DB019A0097D4B4 /* LaunchScreen.storyboard */ = {
			isa = PBXVariantGroup;
			children = (
				DDF0CC6C24DB019A0097D4B4 /* Base */,
			);
			name = LaunchScreen.storyboard;
			sourceTree = "<group>";
		};
/* End PBXVariantGroup section */

/* Begin XCBuildConfiguration section */
		DDF0CC8524DB019B0097D4B4 /* Debug */ = {
			isa = XCBuildConfiguration;
			buildSettings = {
				ALWAYS_SEARCH_USER_PATHS = NO;
				CLANG_ANALYZER_NONNULL = YES;
				CLANG_ANALYZER_NUMBER_OBJECT_CONVERSION = YES_AGGRESSIVE;
				CLANG_CXX_LANGUAGE_STANDARD = "gnu++14";
				CLANG_CXX_LIBRARY = "libc++";
				CLANG_ENABLE_MODULES = YES;
				CLANG_ENABLE_OBJC_ARC = YES;
				CLANG_ENABLE_OBJC_WEAK = YES;
				CLANG_WARN_BLOCK_CAPTURE_AUTORELEASING = YES;
				CLANG_WARN_BOOL_CONVERSION = YES;
				CLANG_WARN_COMMA = YES;
				CLANG_WARN_CONSTANT_CONVERSION = YES;
				CLANG_WARN_DEPRECATED_OBJC_IMPLEMENTATIONS = YES;
				CLANG_WARN_DIRECT_OBJC_ISA_USAGE = YES_ERROR;
				CLANG_WARN_DOCUMENTATION_COMMENTS = YES;
				CLANG_WARN_EMPTY_BODY = YES;
				CLANG_WARN_ENUM_CONVERSION = YES;
				CLANG_WARN_INFINITE_RECURSION = YES;
				CLANG_WARN_INT_CONVERSION = YES;
				CLANG_WARN_NON_LITERAL_NULL_CONVERSION = YES;
				CLANG_WARN_OBJC_IMPLICIT_RETAIN_SELF = YES;
				CLANG_WARN_OBJC_LITERAL_CONVERSION = YES;
				CLANG_WARN_OBJC_ROOT_CLASS = YES_ERROR;
				CLANG_WARN_RANGE_LOOP_ANALYSIS = YES;
				CLANG_WARN_STRICT_PROTOTYPES = YES;
				CLANG_WARN_SUSPICIOUS_MOVE = YES;
				CLANG_WARN_UNGUARDED_AVAILABILITY = YES_AGGRESSIVE;
				CLANG_WARN_UNREACHABLE_CODE = YES;
				CLANG_WARN__DUPLICATE_METHOD_MATCH = YES;
				COPY_PHASE_STRIP = NO;
				DEBUG_INFORMATION_FORMAT = dwarf;
				ENABLE_STRICT_OBJC_MSGSEND = YES;
				ENABLE_TESTABILITY = YES;
				GCC_C_LANGUAGE_STANDARD = gnu11;
				GCC_DYNAMIC_NO_PIC = NO;
				GCC_NO_COMMON_BLOCKS = YES;
				GCC_OPTIMIZATION_LEVEL = 0;
				GCC_PREPROCESSOR_DEFINITIONS = (
					"DEBUG=1",
					"$(inherited)",
				);
				GCC_WARN_64_TO_32_BIT_CONVERSION = YES;
				GCC_WARN_ABOUT_RETURN_TYPE = YES_ERROR;
				GCC_WARN_UNDECLARED_SELECTOR = YES;
				GCC_WARN_UNINITIALIZED_AUTOS = YES_AGGRESSIVE;
				GCC_WARN_UNUSED_FUNCTION = YES;
				GCC_WARN_UNUSED_VARIABLE = YES;
				IPHONEOS_DEPLOYMENT_TARGET = 13.2;
				MTL_ENABLE_DEBUG_INFO = INCLUDE_SOURCE;
				MTL_FAST_MATH = YES;
				ONLY_ACTIVE_ARCH = YES;
				SDKROOT = iphoneos;
				SWIFT_ACTIVE_COMPILATION_CONDITIONS = DEBUG;
				SWIFT_OPTIMIZATION_LEVEL = "-Onone";
			};
			name = Debug;
		};
		DDF0CC8624DB019B0097D4B4 /* Release */ = {
			isa = XCBuildConfiguration;
			buildSettings = {
				ALWAYS_SEARCH_USER_PATHS = NO;
				CLANG_ANALYZER_NONNULL = YES;
				CLANG_ANALYZER_NUMBER_OBJECT_CONVERSION = YES_AGGRESSIVE;
				CLANG_CXX_LANGUAGE_STANDARD = "gnu++14";
				CLANG_CXX_LIBRARY = "libc++";
				CLANG_ENABLE_MODULES = YES;
				CLANG_ENABLE_OBJC_ARC = YES;
				CLANG_ENABLE_OBJC_WEAK = YES;
				CLANG_WARN_BLOCK_CAPTURE_AUTORELEASING = YES;
				CLANG_WARN_BOOL_CONVERSION = YES;
				CLANG_WARN_COMMA = YES;
				CLANG_WARN_CONSTANT_CONVERSION = YES;
				CLANG_WARN_DEPRECATED_OBJC_IMPLEMENTATIONS = YES;
				CLANG_WARN_DIRECT_OBJC_ISA_USAGE = YES_ERROR;
				CLANG_WARN_DOCUMENTATION_COMMENTS = YES;
				CLANG_WARN_EMPTY_BODY = YES;
				CLANG_WARN_ENUM_CONVERSION = YES;
				CLANG_WARN_INFINITE_RECURSION = YES;
				CLANG_WARN_INT_CONVERSION = YES;
				CLANG_WARN_NON_LITERAL_NULL_CONVERSION = YES;
				CLANG_WARN_OBJC_IMPLICIT_RETAIN_SELF = YES;
				CLANG_WARN_OBJC_LITERAL_CONVERSION = YES;
				CLANG_WARN_OBJC_ROOT_CLASS = YES_ERROR;
				CLANG_WARN_RANGE_LOOP_ANALYSIS = YES;
				CLANG_WARN_STRICT_PROTOTYPES = YES;
				CLANG_WARN_SUSPICIOUS_MOVE = YES;
				CLANG_WARN_UNGUARDED_AVAILABILITY = YES_AGGRESSIVE;
				CLANG_WARN_UNREACHABLE_CODE = YES;
				CLANG_WARN__DUPLICATE_METHOD_MATCH = YES;
				COPY_PHASE_STRIP = NO;
				DEBUG_INFORMATION_FORMAT = "dwarf-with-dsym";
				ENABLE_NS_ASSERTIONS = NO;
				ENABLE_STRICT_OBJC_MSGSEND = YES;
				GCC_C_LANGUAGE_STANDARD = gnu11;
				GCC_NO_COMMON_BLOCKS = YES;
				GCC_WARN_64_TO_32_BIT_CONVERSION = YES;
				GCC_WARN_ABOUT_RETURN_TYPE = YES_ERROR;
				GCC_WARN_UNDECLARED_SELECTOR = YES;
				GCC_WARN_UNINITIALIZED_AUTOS = YES_AGGRESSIVE;
				GCC_WARN_UNUSED_FUNCTION = YES;
				GCC_WARN_UNUSED_VARIABLE = YES;
				IPHONEOS_DEPLOYMENT_TARGET = 13.2;
				MTL_ENABLE_DEBUG_INFO = NO;
				MTL_FAST_MATH = YES;
				SDKROOT = iphoneos;
				SWIFT_COMPILATION_MODE = wholemodule;
				SWIFT_OPTIMIZATION_LEVEL = "-O";
				VALIDATE_PRODUCT = YES;
			};
			name = Release;
		};
		DDF0CC8824DB019B0097D4B4 /* Debug */ = {
			isa = XCBuildConfiguration;
			buildSettings = {
				ASSETCATALOG_COMPILER_APPICON_NAME = AppIcon;
				CODE_SIGN_STYLE = Automatic;
				INFOPLIST_FILE = Brenda_L_PizzaExercise/Info.plist;
				LD_RUNPATH_SEARCH_PATHS = (
					"$(inherited)",
					"@executable_path/Frameworks",
				);
				PRODUCT_BUNDLE_IDENTIFIER = "brendis.Brenda-L-PizzaExercise";
				PRODUCT_NAME = "$(TARGET_NAME)";
				SWIFT_VERSION = 5.0;
				TARGETED_DEVICE_FAMILY = "1,2";
			};
			name = Debug;
		};
		DDF0CC8924DB019B0097D4B4 /* Release */ = {
			isa = XCBuildConfiguration;
			buildSettings = {
				ASSETCATALOG_COMPILER_APPICON_NAME = AppIcon;
				CODE_SIGN_STYLE = Automatic;
				INFOPLIST_FILE = Brenda_L_PizzaExercise/Info.plist;
				LD_RUNPATH_SEARCH_PATHS = (
					"$(inherited)",
					"@executable_path/Frameworks",
				);
				PRODUCT_BUNDLE_IDENTIFIER = "brendis.Brenda-L-PizzaExercise";
				PRODUCT_NAME = "$(TARGET_NAME)";
				SWIFT_VERSION = 5.0;
				TARGETED_DEVICE_FAMILY = "1,2";
			};
			name = Release;
		};
		DDF0CC8B24DB019B0097D4B4 /* Debug */ = {
			isa = XCBuildConfiguration;
			buildSettings = {
				ALWAYS_EMBED_SWIFT_STANDARD_LIBRARIES = YES;
				BUNDLE_LOADER = "$(TEST_HOST)";
				CODE_SIGN_STYLE = Automatic;
				INFOPLIST_FILE = Brenda_L_PizzaExerciseTests/Info.plist;
				IPHONEOS_DEPLOYMENT_TARGET = 13.2;
				LD_RUNPATH_SEARCH_PATHS = (
					"$(inherited)",
					"@executable_path/Frameworks",
					"@loader_path/Frameworks",
				);
				PRODUCT_BUNDLE_IDENTIFIER = "brendis.Brenda-L-PizzaExerciseTests";
				PRODUCT_NAME = "$(TARGET_NAME)";
				SWIFT_VERSION = 5.0;
				TARGETED_DEVICE_FAMILY = "1,2";
				TEST_HOST = "$(BUILT_PRODUCTS_DIR)/Brenda_L_PizzaExercise.app/Brenda_L_PizzaExercise";
			};
			name = Debug;
		};
		DDF0CC8C24DB019B0097D4B4 /* Release */ = {
			isa = XCBuildConfiguration;
			buildSettings = {
				ALWAYS_EMBED_SWIFT_STANDARD_LIBRARIES = YES;
				BUNDLE_LOADER = "$(TEST_HOST)";
				CODE_SIGN_STYLE = Automatic;
				INFOPLIST_FILE = Brenda_L_PizzaExerciseTests/Info.plist;
				IPHONEOS_DEPLOYMENT_TARGET = 13.2;
				LD_RUNPATH_SEARCH_PATHS = (
					"$(inherited)",
					"@executable_path/Frameworks",
					"@loader_path/Frameworks",
				);
				PRODUCT_BUNDLE_IDENTIFIER = "brendis.Brenda-L-PizzaExerciseTests";
				PRODUCT_NAME = "$(TARGET_NAME)";
				SWIFT_VERSION = 5.0;
				TARGETED_DEVICE_FAMILY = "1,2";
				TEST_HOST = "$(BUILT_PRODUCTS_DIR)/Brenda_L_PizzaExercise.app/Brenda_L_PizzaExercise";
			};
			name = Release;
		};
		DDF0CC8E24DB019B0097D4B4 /* Debug */ = {
			isa = XCBuildConfiguration;
			buildSettings = {
				ALWAYS_EMBED_SWIFT_STANDARD_LIBRARIES = YES;
				CODE_SIGN_STYLE = Automatic;
				INFOPLIST_FILE = Brenda_L_PizzaExerciseUITests/Info.plist;
				LD_RUNPATH_SEARCH_PATHS = (
					"$(inherited)",
					"@executable_path/Frameworks",
					"@loader_path/Frameworks",
				);
				PRODUCT_BUNDLE_IDENTIFIER = "brendis.Brenda-L-PizzaExerciseUITests";
				PRODUCT_NAME = "$(TARGET_NAME)";
				SWIFT_VERSION = 5.0;
				TARGETED_DEVICE_FAMILY = "1,2";
				TEST_TARGET_NAME = Brenda_L_PizzaExercise;
			};
			name = Debug;
		};
		DDF0CC8F24DB019B0097D4B4 /* Release */ = {
			isa = XCBuildConfiguration;
			buildSettings = {
				ALWAYS_EMBED_SWIFT_STANDARD_LIBRARIES = YES;
				CODE_SIGN_STYLE = Automatic;
				INFOPLIST_FILE = Brenda_L_PizzaExerciseUITests/Info.plist;
				LD_RUNPATH_SEARCH_PATHS = (
					"$(inherited)",
					"@executable_path/Frameworks",
					"@loader_path/Frameworks",
				);
				PRODUCT_BUNDLE_IDENTIFIER = "brendis.Brenda-L-PizzaExerciseUITests";
				PRODUCT_NAME = "$(TARGET_NAME)";
				SWIFT_VERSION = 5.0;
				TARGETED_DEVICE_FAMILY = "1,2";
				TEST_TARGET_NAME = Brenda_L_PizzaExercise;
			};
			name = Release;
		};
/* End XCBuildConfiguration section */

/* Begin XCConfigurationList section */
		DDF0CC5824DB01980097D4B4 /* Build configuration list for PBXProject "Brenda_L_PizzaExercise" */ = {
			isa = XCConfigurationList;
			buildConfigurations = (
				DDF0CC8524DB019B0097D4B4 /* Debug */,
				DDF0CC8624DB019B0097D4B4 /* Release */,
			);
			defaultConfigurationIsVisible = 0;
			defaultConfigurationName = Release;
		};
		DDF0CC8724DB019B0097D4B4 /* Build configuration list for PBXNativeTarget "Brenda_L_PizzaExercise" */ = {
			isa = XCConfigurationList;
			buildConfigurations = (
				DDF0CC8824DB019B0097D4B4 /* Debug */,
				DDF0CC8924DB019B0097D4B4 /* Release */,
			);
			defaultConfigurationIsVisible = 0;
			defaultConfigurationName = Release;
		};
		DDF0CC8A24DB019B0097D4B4 /* Build configuration list for PBXNativeTarget "Brenda_L_PizzaExerciseTests" */ = {
			isa = XCConfigurationList;
			buildConfigurations = (
				DDF0CC8B24DB019B0097D4B4 /* Debug */,
				DDF0CC8C24DB019B0097D4B4 /* Release */,
			);
			defaultConfigurationIsVisible = 0;
			defaultConfigurationName = Release;
		};
		DDF0CC8D24DB019B0097D4B4 /* Build configuration list for PBXNativeTarget "Brenda_L_PizzaExerciseUITests" */ = {
			isa = XCConfigurationList;
			buildConfigurations = (
				DDF0CC8E24DB019B0097D4B4 /* Debug */,
				DDF0CC8F24DB019B0097D4B4 /* Release */,
			);
			defaultConfigurationIsVisible = 0;
			defaultConfigurationName = Release;
		};
/* End XCConfigurationList section */
	};
	rootObject = DDF0CC5524DB01980097D4B4 /* Project object */;
}
